{
  "name": "localhost",
  "lockfileVersion": 2,
  "requires": true,
  "packages": {
    "": {
      "dependencies": {
        "@ffmpeg/ffmpeg": "^0.12.5",
        "@ffmpeg/util": "^0.12.0"
      }
    },
    "node_modules/@ffmpeg/ffmpeg": {
      "version": "0.12.5",
      "resolved": "https://registry.npmjs.org/@ffmpeg/ffmpeg/-/ffmpeg-0.12.5.tgz",
      "integrity": "sha512-grDWTaYSm0g/LEtpwkJtw0Kp1Iix/WF3KmtUo0Fm0V5GqKMUVzj1yzyaILg83o96wHSc8Y2d9Q3C37pYAF2wxQ==",
      "dependencies": {
        "@ffmpeg/types": "^0.12.0"
      },
      "engines": {
        "node": ">=18.17.0"
      }
    },
    "node_modules/@ffmpeg/types": {
      "version": "0.12.0",
      "resolved": "https://registry.npmjs.org/@ffmpeg/types/-/types-0.12.0.tgz",
      "integrity": "sha512-AuR4K+L6v1/9hVOsikU4rGGT5nKulQa8HrtYhpgBEq0HojoWB1c9bq3TTkNBpEvS/gC17WDMVJrqIGgXOj1DXA==",
      "engines": {
        "node": ">=16.6.0"
      }
    },
    "node_modules/@ffmpeg/util": {
      "version": "0.12.0",
      "resolved": "https://registry.npmjs.org/@ffmpeg/util/-/util-0.12.0.tgz",
      "integrity": "sha512-8sHCW8H/ngqVhbRvCCX4e4uDNgZVoz8uNRry1zphIyzdX6flfBa2TmVwJ4g9/Qw//eAubEnuHaSxDGWWxcOTjg==",
      "engines": {
        "node": ">=18.17.0"
      }
    }
  },
  "dependencies": {
    "@ffmpeg/ffmpeg": {
      "version": "0.12.5",
      "resolved": "https://registry.npmjs.org/@ffmpeg/ffmpeg/-/ffmpeg-0.12.5.tgz",
      "integrity": "sha512-grDWTaYSm0g/LEtpwkJtw0Kp1Iix/WF3KmtUo0Fm0V5GqKMUVzj1yzyaILg83o96wHSc8Y2d9Q3C37pYAF2wxQ==",
      "requires": {
        "@ffmpeg/types": "^0.12.0"
      }
    },
    "@ffmpeg/types": {
      "version": "0.12.0",
      "resolved": "https://registry.npmjs.org/@ffmpeg/types/-/types-0.12.0.tgz",
      "integrity": "sha512-AuR4K+L6v1/9hVOsikU4rGGT5nKulQa8HrtYhpgBEq0HojoWB1c9bq3TTkNBpEvS/gC17WDMVJrqIGgXOj1DXA=="
    },
    "@ffmpeg/util": {
      "version": "0.12.0",
      "resolved": "https://registry.npmjs.org/@ffmpeg/util/-/util-0.12.0.tgz",
      "integrity": "sha512-8sHCW8H/ngqVhbRvCCX4e4uDNgZVoz8uNRry1zphIyzdX6flfBa2TmVwJ4g9/Qw//eAubEnuHaSxDGWWxcOTjg=="
    }
  }
}
